
Microsoft Visual Studio Solution File, Format Version 11.00
# Visual Studio 2010
Project("{FAE04EC0-301F-11D3-BF4B-00C04F79EFBC}") = "ScientificPublicationsManager", "ScientificPublicationsManager\ScientificPublicationsManager.csproj", "{334011E7-BCC1-4F03-A60E-B3A981CF050A}"
EndProject
Project("{FAE04EC0-301F-11D3-BF4B-00C04F79EFBC}") = "ScientificPublicationsManager.Tests", "ScientificPublicationsManager.Tests\ScientificPublicationsManager.Tests.csproj", "{B17F420F-00FB-445A-B21A-62B0A740D0C7}"
EndProject
Global
	GlobalSection(SolutionConfigurationPlatforms) = preSolution
		Debug|Any CPU = Debug|Any CPU
		Release|Any CPU = Release|Any CPU
	EndGlobalSection
	GlobalSection(ProjectConfigurationPlatforms) = postSolution
		{334011E7-BCC1-4F03-A60E-B3A981CF050A}.Debug|Any CPU.ActiveCfg = Debug|Any CPU
		{334011E7-BCC1-4F03-A60E-B3A981CF050A}.Debug|Any CPU.Build.0 = Debug|Any CPU
		{334011E7-BCC1-4F03-A60E-B3A981CF050A}.Release|Any CPU.ActiveCfg = Release|Any CPU
		{334011E7-BCC1-4F03-A60E-B3A981CF050A}.Release|Any CPU.Build.0 = Release|Any CPU
		{B17F420F-00FB-445A-B21A-62B0A740D0C7}.Debug|Any CPU.ActiveCfg = Debug|Any CPU
		{B17F420F-00FB-445A-B21A-62B0A740D0C7}.Debug|Any CPU.Build.0 = Debug|Any CPU
		{B17F420F-00FB-445A-B21A-62B0A740D0C7}.Release|Any CPU.ActiveCfg = Release|Any CPU
		{B17F420F-00FB-445A-B21A-62B0A740D0C7}.Release|Any CPU.Build.0 = Release|Any CPU
	EndGlobalSection
	GlobalSection(SolutionProperties) = preSolution
		HideSolutionNode = FALSE
	EndGlobalSection
EndGlobal
